// !$*UTF8*$!
{
	archiveVersion = 1;
	classes = {
	};
	objectVersion = 46;
	objects = {

/* Begin PBXBuildFile section */
		280B81C51DCC9419001BA6C9 /* Renderer.cpp in Sources */ = {isa = PBXBuildFile; fileRef = 280B81C31DCC9419001BA6C9 /* Renderer.cpp */; };
		280B81C81DCC9A0E001BA6C9 /* LinearInterpolator.cpp in Sources */ = {isa = PBXBuildFile; fileRef = 280B81C61DCC9A0E001BA6C9 /* LinearInterpolator.cpp */; };
		280B81CF1DCCA5DB001BA6C9 /* demo.cpp in Sources */ = {isa = PBXBuildFile; fileRef = 280B81CD1DCCA5DB001BA6C9 /* demo.cpp */; };
		28522BBD1DCBA6D100839B04 /* AppDelegate.m in Sources */ = {isa = PBXBuildFile; fileRef = 28522BBC1DCBA6D100839B04 /* AppDelegate.m */; };
		28522BC01DCBA6D100839B04 /* main.m in Sources */ = {isa = PBXBuildFile; fileRef = 28522BBF1DCBA6D100839B04 /* main.m */; };
		28522BC21DCBA6D100839B04 /* Assets.xcassets in Resources */ = {isa = PBXBuildFile; fileRef = 28522BC11DCBA6D100839B04 /* Assets.xcassets */; };
		28522BC51DCBA6D100839B04 /* MainMenu.xib in Resources */ = {isa = PBXBuildFile; fileRef = 28522BC31DCBA6D100839B04 /* MainMenu.xib */; };
		285EF2AC1DCE846D00AC64C6 /* RendererTests.mm in Sources */ = {isa = PBXBuildFile; fileRef = 285EF2AB1DCE846D00AC64C6 /* RendererTests.mm */; };
		28BA77971DCBA7E4006492FE /* WindowController.mm in Sources */ = {isa = PBXBuildFile; fileRef = 28BA77961DCBA7E4006492FE /* WindowController.mm */; };
		28BA779C1DCBABA0006492FE /* Framebuffer.cpp in Sources */ = {isa = PBXBuildFile; fileRef = 28BA779A1DCBABA0006492FE /* Framebuffer.cpp */; };
/* End PBXBuildFile section */

/* Begin PBXContainerItemProxy section */
		285EF2AE1DCE846D00AC64C6 /* PBXContainerItemProxy */ = {
			isa = PBXContainerItemProxy;
			containerPortal = 28522BB01DCBA6D100839B04 /* Project object */;
			proxyType = 1;
			remoteGlobalIDString = 28522BB71DCBA6D100839B04;
			remoteInfo = Renderer;
		};
/* End PBXContainerItemProxy section */

/* Begin PBXFileReference section */
		280B81C31DCC9419001BA6C9 /* Renderer.cpp */ = {isa = PBXFileReference; fileEncoding = 4; lastKnownFileType = sourcecode.cpp.cpp; path = Renderer.cpp; sourceTree = "<group>"; };
		280B81C41DCC9419001BA6C9 /* Renderer.hpp */ = {isa = PBXFileReference; fileEncoding = 4; lastKnownFileType = sourcecode.cpp.h; path = Renderer.hpp; sourceTree = "<group>"; };
		280B81C61DCC9A0E001BA6C9 /* LinearInterpolator.cpp */ = {isa = PBXFileReference; fileEncoding = 4; lastKnownFileType = sourcecode.cpp.cpp; path = LinearInterpolator.cpp; sourceTree = "<group>"; };
		280B81C71DCC9A0E001BA6C9 /* LinearInterpolator.hpp */ = {isa = PBXFileReference; fileEncoding = 4; lastKnownFileType = sourcecode.cpp.h; path = LinearInterpolator.hpp; sourceTree = "<group>"; };
		280B81C91DCC9AAA001BA6C9 /* renderlib.hpp */ = {isa = PBXFileReference; lastKnownFileType = sourcecode.cpp.h; path = renderlib.hpp; sourceTree = "<group>"; };
		280B81CD1DCCA5DB001BA6C9 /* demo.cpp */ = {isa = PBXFileReference; fileEncoding = 4; lastKnownFileType = sourcecode.cpp.cpp; path = demo.cpp; sourceTree = "<group>"; };
		280B81CE1DCCA5DB001BA6C9 /* demo.hpp */ = {isa = PBXFileReference; fileEncoding = 4; lastKnownFileType = sourcecode.cpp.h; path = demo.hpp; sourceTree = "<group>"; };
		28522BB81DCBA6D100839B04 /* Renderer.app */ = {isa = PBXFileReference; explicitFileType = wrapper.application; includeInIndex = 0; path = Renderer.app; sourceTree = BUILT_PRODUCTS_DIR; };
		28522BBB1DCBA6D100839B04 /* AppDelegate.h */ = {isa = PBXFileReference; lastKnownFileType = sourcecode.c.h; path = AppDelegate.h; sourceTree = "<group>"; };
		28522BBC1DCBA6D100839B04 /* AppDelegate.m */ = {isa = PBXFileReference; lastKnownFileType = sourcecode.c.objc; path = AppDelegate.m; sourceTree = "<group>"; };
		28522BBF1DCBA6D100839B04 /* main.m */ = {isa = PBXFileReference; lastKnownFileType = sourcecode.c.objc; path = main.m; sourceTree = "<group>"; };
		28522BC11DCBA6D100839B04 /* Assets.xcassets */ = {isa = PBXFileReference; lastKnownFileType = folder.assetcatalog; path = Assets.xcassets; sourceTree = "<group>"; };
		28522BC41DCBA6D100839B04 /* Base */ = {isa = PBXFileReference; lastKnownFileType = file.xib; name = Base; path = Base.lproj/MainMenu.xib; sourceTree = "<group>"; };
		28522BC61DCBA6D100839B04 /* Info.plist */ = {isa = PBXFileReference; lastKnownFileType = text.plist.xml; path = Info.plist; sourceTree = "<group>"; };
		285EF2A91DCE846D00AC64C6 /* RendererTests.xctest */ = {isa = PBXFileReference; explicitFileType = wrapper.cfbundle; includeInIndex = 0; path = RendererTests.xctest; sourceTree = BUILT_PRODUCTS_DIR; };
		285EF2AB1DCE846D00AC64C6 /* RendererTests.mm */ = {isa = PBXFileReference; lastKnownFileType = sourcecode.cpp.objcpp; path = RendererTests.mm; sourceTree = "<group>"; };
		285EF2AD1DCE846D00AC64C6 /* Info.plist */ = {isa = PBXFileReference; lastKnownFileType = text.plist.xml; path = Info.plist; sourceTree = "<group>"; };
		28BA77951DCBA7E4006492FE /* WindowController.h */ = {isa = PBXFileReference; fileEncoding = 4; lastKnownFileType = sourcecode.c.h; path = WindowController.h; sourceTree = "<group>"; };
		28BA77961DCBA7E4006492FE /* WindowController.mm */ = {isa = PBXFileReference; fileEncoding = 4; lastKnownFileType = sourcecode.cpp.objcpp; path = WindowController.mm; sourceTree = "<group>"; };
		28BA779A1DCBABA0006492FE /* Framebuffer.cpp */ = {isa = PBXFileReference; fileEncoding = 4; lastKnownFileType = sourcecode.cpp.cpp; path = Framebuffer.cpp; sourceTree = "<group>"; };
		28BA779B1DCBABA0006492FE /* Framebuffer.hpp */ = {isa = PBXFileReference; fileEncoding = 4; lastKnownFileType = sourcecode.cpp.h; path = Framebuffer.hpp; sourceTree = "<group>"; };
/* End PBXFileReference section */

/* Begin PBXFrameworksBuildPhase section */
		28522BB51DCBA6D100839B04 /* Frameworks */ = {
			isa = PBXFrameworksBuildPhase;
			buildActionMask = 2147483647;
			files = (
			);
			runOnlyForDeploymentPostprocessing = 0;
		};
		285EF2A61DCE846D00AC64C6 /* Frameworks */ = {
			isa = PBXFrameworksBuildPhase;
			buildActionMask = 2147483647;
			files = (
			);
			runOnlyForDeploymentPostprocessing = 0;
		};
/* End PBXFrameworksBuildPhase section */

/* Begin PBXGroup section */
		28522BAF1DCBA6D100839B04 = {
			isa = PBXGroup;
			children = (
				28522BBA1DCBA6D100839B04 /* Renderer */,
				285EF2AA1DCE846D00AC64C6 /* RendererTests */,
				28522BB91DCBA6D100839B04 /* Products */,
			);
			sourceTree = "<group>";
		};
		28522BB91DCBA6D100839B04 /* Products */ = {
			isa = PBXGroup;
			children = (
				28522BB81DCBA6D100839B04 /* Renderer.app */,
				285EF2A91DCE846D00AC64C6 /* RendererTests.xctest */,
			);
			name = Products;
			sourceTree = "<group>";
		};
		28522BBA1DCBA6D100839B04 /* Renderer */ = {
			isa = PBXGroup;
			children = (
				28522BBB1DCBA6D100839B04 /* AppDelegate.h */,
				28522BBC1DCBA6D100839B04 /* AppDelegate.m */,
				28522BC11DCBA6D100839B04 /* Assets.xcassets */,
				28522BC31DCBA6D100839B04 /* MainMenu.xib */,
				28522BC61DCBA6D100839B04 /* Info.plist */,
				28522BBE1DCBA6D100839B04 /* Supporting Files */,
				28BA77951DCBA7E4006492FE /* WindowController.h */,
				28BA77961DCBA7E4006492FE /* WindowController.mm */,
				28BA779A1DCBABA0006492FE /* Framebuffer.cpp */,
				28BA779B1DCBABA0006492FE /* Framebuffer.hpp */,
				280B81C31DCC9419001BA6C9 /* Renderer.cpp */,
				280B81C41DCC9419001BA6C9 /* Renderer.hpp */,
				280B81C61DCC9A0E001BA6C9 /* LinearInterpolator.cpp */,
				280B81C71DCC9A0E001BA6C9 /* LinearInterpolator.hpp */,
				280B81C91DCC9AAA001BA6C9 /* renderlib.hpp */,
				280B81CD1DCCA5DB001BA6C9 /* demo.cpp */,
				280B81CE1DCCA5DB001BA6C9 /* demo.hpp */,
			);
			path = Renderer;
			sourceTree = "<group>";
		};
		28522BBE1DCBA6D100839B04 /* Supporting Files */ = {
			isa = PBXGroup;
			children = (
				28522BBF1DCBA6D100839B04 /* main.m */,
			);
			name = "Supporting Files";
			sourceTree = "<group>";
		};
		285EF2AA1DCE846D00AC64C6 /* RendererTests */ = {
			isa = PBXGroup;
			children = (
				285EF2AB1DCE846D00AC64C6 /* RendererTests.mm */,
				285EF2AD1DCE846D00AC64C6 /* Info.plist */,
			);
			path = RendererTests;
			sourceTree = "<group>";
		};
/* End PBXGroup section */

/* Begin PBXNativeTarget section */
		28522BB71DCBA6D100839B04 /* Renderer */ = {
			isa = PBXNativeTarget;
			buildConfigurationList = 28522BC91DCBA6D100839B04 /* Build configuration list for PBXNativeTarget "Renderer" */;
			buildPhases = (
				28522BB41DCBA6D100839B04 /* Sources */,
				28522BB51DCBA6D100839B04 /* Frameworks */,
				28522BB61DCBA6D100839B04 /* Resources */,
			);
			buildRules = (
			);
			dependencies = (
			);
			name = Renderer;
			productName = Renderer;
			productReference = 28522BB81DCBA6D100839B04 /* Renderer.app */;
			productType = "com.apple.product-type.application";
		};
		285EF2A81DCE846D00AC64C6 /* RendererTests */ = {
			isa = PBXNativeTarget;
			buildConfigurationList = 285EF2B21DCE846D00AC64C6 /* Build configuration list for PBXNativeTarget "RendererTests" */;
			buildPhases = (
				285EF2A51DCE846D00AC64C6 /* Sources */,
				285EF2A61DCE846D00AC64C6 /* Frameworks */,
				285EF2A71DCE846D00AC64C6 /* Resources */,
			);
			buildRules = (
			);
			dependencies = (
				285EF2AF1DCE846D00AC64C6 /* PBXTargetDependency */,
			);
			name = RendererTests;
			productName = RendererTests;
			productReference = 285EF2A91DCE846D00AC64C6 /* RendererTests.xctest */;
			productType = "com.apple.product-type.bundle.unit-test";
		};
/* End PBXNativeTarget section */

/* Begin PBXProject section */
		28522BB01DCBA6D100839B04 /* Project object */ = {
			isa = PBXProject;
			attributes = {
				LastUpgradeCheck = 0810;
				ORGANIZATIONNAME = "Markus Müller";
				TargetAttributes = {
					28522BB71DCBA6D100839B04 = {
						CreatedOnToolsVersion = 8.1;
						DevelopmentTeam = A3LVNX627Y;
						ProvisioningStyle = Automatic;
					};
					285EF2A81DCE846D00AC64C6 = {
						CreatedOnToolsVersion = 8.1;
						DevelopmentTeam = A3LVNX627Y;
						ProvisioningStyle = Automatic;
						TestTargetID = 28522BB71DCBA6D100839B04;
					};
				};
			};
			buildConfigurationList = 28522BB31DCBA6D100839B04 /* Build configuration list for PBXProject "Renderer" */;
			compatibilityVersion = "Xcode 3.2";
			developmentRegion = English;
			hasScannedForEncodings = 0;
			knownRegions = (
				en,
				Base,
			);
			mainGroup = 28522BAF1DCBA6D100839B04;
			productRefGroup = 28522BB91DCBA6D100839B04 /* Products */;
			projectDirPath = "";
			projectRoot = "";
			targets = (
				28522BB71DCBA6D100839B04 /* Renderer */,
				285EF2A81DCE846D00AC64C6 /* RendererTests */,
			);
		};
/* End PBXProject section */

/* Begin PBXResourcesBuildPhase section */
		28522BB61DCBA6D100839B04 /* Resources */ = {
			isa = PBXResourcesBuildPhase;
			buildActionMask = 2147483647;
			files = (
				28522BC21DCBA6D100839B04 /* Assets.xcassets in Resources */,
				28522BC51DCBA6D100839B04 /* MainMenu.xib in Resources */,
			);
			runOnlyForDeploymentPostprocessing = 0;
		};
		285EF2A71DCE846D00AC64C6 /* Resources */ = {
			isa = PBXResourcesBuildPhase;
			buildActionMask = 2147483647;
			files = (
			);
			runOnlyForDeploymentPostprocessing = 0;
		};
/* End PBXResourcesBuildPhase section */

/* Begin PBXSourcesBuildPhase section */
		28522BB41DCBA6D100839B04 /* Sources */ = {
			isa = PBXSourcesBuildPhase;
			buildActionMask = 2147483647;
			files = (
				280B81C51DCC9419001BA6C9 /* Renderer.cpp in Sources */,
				28522BC01DCBA6D100839B04 /* main.m in Sources */,
				28BA77971DCBA7E4006492FE /* WindowController.mm in Sources */,
				28BA779C1DCBABA0006492FE /* Framebuffer.cpp in Sources */,
				280B81C81DCC9A0E001BA6C9 /* LinearInterpolator.cpp in Sources */,
				280B81CF1DCCA5DB001BA6C9 /* demo.cpp in Sources */,
				28522BBD1DCBA6D100839B04 /* AppDelegate.m in Sources */,
			);
			runOnlyForDeploymentPostprocessing = 0;
		};
		285EF2A51DCE846D00AC64C6 /* Sources */ = {
			isa = PBXSourcesBuildPhase;
			buildActionMask = 2147483647;
			files = (
				285EF2AC1DCE846D00AC64C6 /* RendererTests.mm in Sources */,
			);
			runOnlyForDeploymentPostprocessing = 0;
		};
/* End PBXSourcesBuildPhase section */

/* Begin PBXTargetDependency section */
		285EF2AF1DCE846D00AC64C6 /* PBXTargetDependency */ = {
			isa = PBXTargetDependency;
			target = 28522BB71DCBA6D100839B04 /* Renderer */;
			targetProxy = 285EF2AE1DCE846D00AC64C6 /* PBXContainerItemProxy */;
		};
/* End PBXTargetDependency section */

/* Begin PBXVariantGroup section */
		28522BC31DCBA6D100839B04 /* MainMenu.xib */ = {
			isa = PBXVariantGroup;
			children = (
				28522BC41DCBA6D100839B04 /* Base */,
			);
			name = MainMenu.xib;
			sourceTree = "<group>";
		};
/* End PBXVariantGroup section */

/* Begin XCBuildConfiguration section */
		28522BC71DCBA6D100839B04 /* Debug */ = {
			isa = XCBuildConfiguration;
			buildSettings = {
				ALWAYS_SEARCH_USER_PATHS = NO;
				CLANG_ANALYZER_NONNULL = YES;
				CLANG_CXX_LANGUAGE_STANDARD = "gnu++0x";
				CLANG_CXX_LIBRARY = "libc++";
				CLANG_ENABLE_MODULES = YES;
				CLANG_ENABLE_OBJC_ARC = YES;
				CLANG_WARN_BOOL_CONVERSION = YES;
				CLANG_WARN_CONSTANT_CONVERSION = YES;
				CLANG_WARN_DIRECT_OBJC_ISA_USAGE = YES_ERROR;
				CLANG_WARN_DOCUMENTATION_COMMENTS = NO;
				CLANG_WARN_EMPTY_BODY = YES;
				CLANG_WARN_ENUM_CONVERSION = YES;
				CLANG_WARN_INFINITE_RECURSION = YES;
				CLANG_WARN_INT_CONVERSION = YES;
				CLANG_WARN_OBJC_ROOT_CLASS = YES_ERROR;
				CLANG_WARN_SUSPICIOUS_MOVES = YES;
				CLANG_WARN_UNREACHABLE_CODE = YES;
				CLANG_WARN__DUPLICATE_METHOD_MATCH = YES;
				CODE_SIGN_IDENTITY = "-";
				COPY_PHASE_STRIP = NO;
				DEBUG_INFORMATION_FORMAT = dwarf;
				ENABLE_STRICT_OBJC_MSGSEND = YES;
				ENABLE_TESTABILITY = YES;
				GCC_C_LANGUAGE_STANDARD = gnu99;
				GCC_DYNAMIC_NO_PIC = NO;
				GCC_NO_COMMON_BLOCKS = YES;
				GCC_OPTIMIZATION_LEVEL = 0;
				GCC_PREPROCESSOR_DEFINITIONS = (
					"DEBUG=1",
					"$(inherited)",
				);
				GCC_WARN_64_TO_32_BIT_CONVERSION = YES;
				GCC_WARN_ABOUT_RETURN_TYPE = YES_ERROR;
				GCC_WARN_UNDECLARED_SELECTOR = YES;
				GCC_WARN_UNINITIALIZED_AUTOS = YES_AGGRESSIVE;
				GCC_WARN_UNUSED_FUNCTION = YES;
				GCC_WARN_UNUSED_VARIABLE = YES;
				HEADER_SEARCH_PATHS = "${SRCROOT}";
				MACOSX_DEPLOYMENT_TARGET = 10.12;
				MTL_ENABLE_DEBUG_INFO = YES;
				ONLY_ACTIVE_ARCH = YES;
				SDKROOT = macosx;
			};
			name = Debug;
		};
		28522BC81DCBA6D100839B04 /* Release */ = {
			isa = XCBuildConfiguration;
			buildSettings = {
				ALWAYS_SEARCH_USER_PATHS = NO;
				CLANG_ANALYZER_NONNULL = YES;
				CLANG_CXX_LANGUAGE_STANDARD = "gnu++0x";
				CLANG_CXX_LIBRARY = "libc++";
				CLANG_ENABLE_MODULES = YES;
				CLANG_ENABLE_OBJC_ARC = YES;
				CLANG_WARN_BOOL_CONVERSION = YES;
				CLANG_WARN_CONSTANT_CONVERSION = YES;
				CLANG_WARN_DIRECT_OBJC_ISA_USAGE = YES_ERROR;
				CLANG_WARN_DOCUMENTATION_COMMENTS = NO;
				CLANG_WARN_EMPTY_BODY = YES;
				CLANG_WARN_ENUM_CONVERSION = YES;
				CLANG_WARN_INFINITE_RECURSION = YES;
				CLANG_WARN_INT_CONVERSION = YES;
				CLANG_WARN_OBJC_ROOT_CLASS = YES_ERROR;
				CLANG_WARN_SUSPICIOUS_MOVES = YES;
				CLANG_WARN_UNREACHABLE_CODE = YES;
				CLANG_WARN__DUPLICATE_METHOD_MATCH = YES;
				CODE_SIGN_IDENTITY = "-";
				COPY_PHASE_STRIP = NO;
				DEBUG_INFORMATION_FORMAT = "dwarf-with-dsym";
				ENABLE_NS_ASSERTIONS = NO;
				ENABLE_STRICT_OBJC_MSGSEND = YES;
				GCC_C_LANGUAGE_STANDARD = gnu99;
				GCC_NO_COMMON_BLOCKS = YES;
				GCC_WARN_64_TO_32_BIT_CONVERSION = YES;
				GCC_WARN_ABOUT_RETURN_TYPE = YES_ERROR;
				GCC_WARN_UNDECLARED_SELECTOR = YES;
				GCC_WARN_UNINITIALIZED_AUTOS = YES_AGGRESSIVE;
				GCC_WARN_UNUSED_FUNCTION = YES;
				GCC_WARN_UNUSED_VARIABLE = YES;
				HEADER_SEARCH_PATHS = "${SRCROOT}";
				MACOSX_DEPLOYMENT_TARGET = 10.12;
				MTL_ENABLE_DEBUG_INFO = NO;
				SDKROOT = macosx;
			};
			name = Release;
		};
		28522BCA1DCBA6D100839B04 /* Debug */ = {
			isa = XCBuildConfiguration;
			buildSettings = {
				ASSETCATALOG_COMPILER_APPICON_NAME = AppIcon;
				COMBINE_HIDPI_IMAGES = YES;
				DEVELOPMENT_TEAM = A3LVNX627Y;
				INFOPLIST_FILE = Renderer/Info.plist;
				LD_RUNPATH_SEARCH_PATHS = "$(inherited) @executable_path/../Frameworks";
				PRODUCT_BUNDLE_IDENTIFIER = com.accuratebits.Renderer;
				PRODUCT_NAME = "$(TARGET_NAME)";
			};
			name = Debug;
		};
		28522BCB1DCBA6D100839B04 /* Release */ = {
			isa = XCBuildConfiguration;
			buildSettings = {
				ASSETCATALOG_COMPILER_APPICON_NAME = AppIcon;
				COMBINE_HIDPI_IMAGES = YES;
				DEVELOPMENT_TEAM = A3LVNX627Y;
				INFOPLIST_FILE = Renderer/Info.plist;
				LD_RUNPATH_SEARCH_PATHS = "$(inherited) @executable_path/../Frameworks";
				PRODUCT_BUNDLE_IDENTIFIER = com.accuratebits.Renderer;
				PRODUCT_NAME = "$(TARGET_NAME)";
			};
			name = Release;
		};
		285EF2B01DCE846D00AC64C6 /* Debug */ = {
			isa = XCBuildConfiguration;
			buildSettings = {
				BUNDLE_LOADER = "$(TEST_HOST)";
				CLANG_WARN_DOCUMENTATION_COMMENTS = NO;
				COMBINE_HIDPI_IMAGES = YES;
				DEVELOPMENT_TEAM = A3LVNX627Y;
				INFOPLIST_FILE = RendererTests/Info.plist;
				LD_RUNPATH_SEARCH_PATHS = "$(inherited) @executable_path/../Frameworks @loader_path/../Frameworks";
				PRODUCT_BUNDLE_IDENTIFIER = com.accuratebits.RendererTests;
				PRODUCT_NAME = "$(TARGET_NAME)";
				TEST_HOST = "$(BUILT_PRODUCTS_DIR)/Renderer.app/Contents/MacOS/Renderer";
			};
			name = Debug;
		};
		285EF2B11DCE846D00AC64C6 /* Release */ = {
			isa = XCBuildConfiguration;
			buildSettings = {
				BUNDLE_LOADER = "$(TEST_HOST)";
				CLANG_WARN_DOCUMENTATION_COMMENTS = NO;
				COMBINE_HIDPI_IMAGES = YES;
				DEVELOPMENT_TEAM = A3LVNX627Y;
				INFOPLIST_FILE = RendererTests/Info.plist;
				LD_RUNPATH_SEARCH_PATHS = "$(inherited) @executable_path/../Frameworks @loader_path/../Frameworks";
				PRODUCT_BUNDLE_IDENTIFIER = com.accuratebits.RendererTests;
				PRODUCT_NAME = "$(TARGET_NAME)";
				TEST_HOST = "$(BUILT_PRODUCTS_DIR)/Renderer.app/Contents/MacOS/Renderer";
			};
			name = Release;
		};
/* End XCBuildConfiguration section */

/* Begin XCConfigurationList section */
		28522BB31DCBA6D100839B04 /* Build configuration list for PBXProject "Renderer" */ = {
			isa = XCConfigurationList;
			buildConfigurations = (
				28522BC71DCBA6D100839B04 /* Debug */,
				28522BC81DCBA6D100839B04 /* Release */,
			);
			defaultConfigurationIsVisible = 0;
			defaultConfigurationName = Release;
		};
		28522BC91DCBA6D100839B04 /* Build configuration list for PBXNativeTarget "Renderer" */ = {
			isa = XCConfigurationList;
			buildConfigurations = (
				28522BCA1DCBA6D100839B04 /* Debug */,
				28522BCB1DCBA6D100839B04 /* Release */,
			);
			defaultConfigurationIsVisible = 0;
			defaultConfigurationName = Release;
		};
		285EF2B21DCE846D00AC64C6 /* Build configuration list for PBXNativeTarget "RendererTests" */ = {
			isa = XCConfigurationList;
			buildConfigurations = (
				285EF2B01DCE846D00AC64C6 /* Debug */,
				285EF2B11DCE846D00AC64C6 /* Release */,
			);
			defaultConfigurationIsVisible = 0;
		};
/* End XCConfigurationList section */
	};
	rootObject = 28522BB01DCBA6D100839B04 /* Project object */;
}
